
Microsoft Visual Studio Solution File, Format Version 12.00
# Visual Studio Version 17
VisualStudioVersion = 17.5.002.0
MinimumVisualStudioVersion = 10.0.40219.1
Project("{9A19103F-16F7-4668-BE54-9A1E7A4F7556}") = "MvcJokes", "MvcJokes.csproj", "{09918FC0-F116-464A-B642-1DE69BDA0FFF}"
EndProject
Global
	GlobalSection(SolutionConfigurationPlatforms) = preSolution
		Debug|Any CPU = Debug|Any CPU
		Release|Any CPU = Release|Any CPU
	EndGlobalSection
	GlobalSection(ProjectConfigurationPlatforms) = postSolution
		{09918FC0-F116-464A-B642-1DE69BDA0FFF}.Debug|Any CPU.ActiveCfg = Debug|Any CPU
		{09918FC0-F116-464A-B642-1DE69BDA0FFF}.Debug|Any CPU.Build.0 = Debug|Any CPU
		{09918FC0-F116-464A-B642-1DE69BDA0FFF}.Release|Any CPU.ActiveCfg = Release|Any CPU
		{09918FC0-F116-464A-B642-1DE69BDA0FFF}.Release|Any CPU.Build.0 = Release|Any CPU
	EndGlobalSection
	GlobalSection(SolutionProperties) = preSolution
		HideSolutionNode = FALSE
	EndGlobalSection
	GlobalSection(ExtensibilityGlobals) = postSolution
		SolutionGuid = {C901B5D9-6A95-4F04-AA95-4A51179708A0}
	EndGlobalSection
EndGlobal
